
Microsoft Visual Studio Solution File, Format Version 12.00
# Visual Studio 14
VisualStudioVersion = 14.0.25420.1
MinimumVisualStudioVersion = 10.0.40219.1
Project("{FAE04EC0-301F-11D3-BF4B-00C04F79EFBC}") = "ParticleEditor", "ParticleEditor.csproj", "{ADFB0D24-E9CB-4416-918C-307C1F6AE43E}"
EndProject
Global
	GlobalSection(SolutionConfigurationPlatforms) = preSolution
		Debug|Any CPU = Debug|Any CPU
		Release|Any CPU = Release|Any CPU
	EndGlobalSection
	GlobalSection(ProjectConfigurationPlatforms) = postSolution
		{ADFB0D24-E9CB-4416-918C-307C1F6AE43E}.Debug|Any CPU.ActiveCfg = Debug|Any CPU
		{ADFB0D24-E9CB-4416-918C-307C1F6AE43E}.Debug|Any CPU.Build.0 = Debug|Any CPU
		{ADFB0D24-E9CB-4416-918C-307C1F6AE43E}.Release|Any CPU.ActiveCfg = Release|Any CPU
		{ADFB0D24-E9CB-4416-918C-307C1F6AE43E}.Release|Any CPU.Build.0 = Release|Any CPU
	EndGlobalSection
	GlobalSection(SolutionProperties) = preSolution
		HideSolutionNode = FALSE
	EndGlobalSection
EndGlobal
